{
  "lockfileVersion": 2,
  "configVersion": 1,
  "workspaces": {
    "": {
      "name": "ceo-recensioni-function",
      "dependencies": {
        "@netlify/blobs": "^8.0.0",
      },
    },
  },
  "packages": {
    "@netlify/blobs": ["@netlify/blobs@8.2.0", "", {}, "sha512-9djLZHBKsoKk8XCgwWSEPK9QnT8qqxEQGuYh48gFIcNLvpBKkLnHbDZuyUxmNemCfDz7h0HnMXgSPnnUVgARhg=="],
  }
}
